lockfileVersion: '9.0'

settings:
  autoInstallPeers: true
  excludeLinksFromLockfile: false

importers:

  .:
    devDependencies:
      typescript:
        specifier: ^6.0.3
        version: 6.0.3

  examples/basic:
    dependencies:
      '@meta-fcis/core':
        specifier: workspace:*
        version: link:../../packages/core
      '@meta-fcis/plugin-persistence-memory':
        specifier: workspace:*
        version: link:../../packages/plugin-persistence-memory
      '@meta-fcis/shell':
        specifier: workspace:*
        version: link:../../packages/shell

  packages/core: {}

  packages/plugin-persistence-memory:
    dependencies:
      '@meta-fcis/core':
        specifier: workspace:*
        version: link:../core

  packages/plugin-transport-http:
    dependencies:
      '@meta-fcis/core':
        specifier: workspace:*
        version: link:../core
    devDependencies:
      '@meta-fcis/plugin-persistence-memory':
        specifier: workspace:*
        version: link:../plugin-persistence-memory
      '@meta-fcis/shell':
        specifier: workspace:*
        version: link:../shell
      '@types/node':
        specifier: ^24.0.0
        version: 24.13.2

  packages/shell:
    dependencies:
      '@meta-fcis/core':
        specifier: workspace:*
        version: link:../core

packages:

  '@types/node@24.13.2':
    resolution: {integrity: sha512-fRa09kZTgu8o71KFcDjUFuc7F+dEbZYZmkI0mg5YBTRs0yMKjYHsq/c0urDKeDb+D5qVgXOdFcuu+DZPKOITwA==}

  typescript@6.0.3:
    resolution: {integrity: sha512-y2TvuxSZPDyQakkFRPZHKFm+KKVqIisdg9/CZwm9ftvKXLP8NRWj38/ODjNbr43SsoXqNuAisEf1GdCxqWcdBw==}
    engines: {node: '>=14.17'}
    hasBin: true

  undici-types@7.18.2:
    resolution: {integrity: sha512-AsuCzffGHJybSaRrmr5eHr81mwJU3kjw6M+uprWvCXiNeN9SOGwQ3Jn8jb8m3Z6izVgknn1R0FTCEAP2QrLY/w==}

snapshots:

  '@types/node@24.13.2':
    dependencies:
      undici-types: 7.18.2

  typescript@6.0.3: {}

  undici-types@7.18.2: {}
