lockfileVersion: '9.0'

settings:
  autoInstallPeers: true
  excludeLinksFromLockfile: false

importers:

  .:
    devDependencies:
      typescript:
        specifier: ^6.0.3
        version: 6.0.3

  examples/basic:
    dependencies:
      '@meta-fcis/core':
        specifier: workspace:*
        version: link:../../packages/core
      '@meta-fcis/plugin-persistence-memory':
        specifier: workspace:*
        version: link:../../packages/plugin-persistence-memory
      '@meta-fcis/shell':
        specifier: workspace:*
        version: link:../../packages/shell

  packages/core: {}

  packages/plugin-persistence-memory:
    dependencies:
      '@meta-fcis/core':
        specifier: workspace:*
        version: link:../core

  packages/shell:
    dependencies:
      '@meta-fcis/core':
        specifier: workspace:*
        version: link:../core

packages:

  typescript@6.0.3:
    resolution: {integrity: sha512-y2TvuxSZPDyQakkFRPZHKFm+KKVqIisdg9/CZwm9ftvKXLP8NRWj38/ODjNbr43SsoXqNuAisEf1GdCxqWcdBw==}
    engines: {node: '>=14.17'}
    hasBin: true

snapshots:

  typescript@6.0.3: {}
